
Microsoft Visual Studio Solution File, Format Version 12.00
# Visual Studio Version 17
VisualStudioVersion = 17.13.35931.197 d17.13
MinimumVisualStudioVersion = 10.0.40219.1
Project("{FAE04EC0-301F-11D3-BF4B-00C04F79EFBC}") = "ExampleProcessor", "ExampleProcessor.csproj", "{F4BC127D-A1CC-4A52-B065-1B9B555AFFAD}"
EndProject
Global
	GlobalSection(SolutionConfigurationPlatforms) = preSolution
		Debug|Any CPU = Debug|Any CPU
		Release|Any CPU = Release|Any CPU
	EndGlobalSection
	GlobalSection(ProjectConfigurationPlatforms) = postSolution
		{F4BC127D-A1CC-4A52-B065-1B9B555AFFAD}.Debug|Any CPU.ActiveCfg = Debug|Any CPU
		{F4BC127D-A1CC-4A52-B065-1B9B555AFFAD}.Debug|Any CPU.Build.0 = Debug|Any CPU
		{F4BC127D-A1CC-4A52-B065-1B9B555AFFAD}.Release|Any CPU.ActiveCfg = Release|Any CPU
		{F4BC127D-A1CC-4A52-B065-1B9B555AFFAD}.Release|Any CPU.Build.0 = Release|Any CPU
	EndGlobalSection
	GlobalSection(SolutionProperties) = preSolution
		HideSolutionNode = FALSE
	EndGlobalSection
	GlobalSection(ExtensibilityGlobals) = postSolution
		SolutionGuid = {68830E0A-6C7C-40C7-85AA-FE30D5185A99}
	EndGlobalSection
EndGlobal
